# THIS IS AN AUTOGENERATED FILE. DO NOT EDIT THIS FILE DIRECTLY.
# yarn lockfile v1


at-least-node@^1.0.0:
  version "1.0.0"
  resolved "https://registry.npm.taobao.org/at-least-node/download/at-least-node-1.0.0.tgz#602cd4b46e844ad4effc92a8011a3c46e0238dc2"
  integrity sha1-YCzUtG6EStTv/JKoARo8RuAjjcI=

fs-extra@^9.0.0:
  version "9.0.0"
  resolved "https://registry.npm.taobao.org/fs-extra/download/fs-extra-9.0.0.tgz?cache=0&sync_timestamp=1584632171258&other_urls=https%3A%2F%2Fregistry.npm.taobao.org%2Ffs-extra%2Fdownload%2Ffs-extra-9.0.0.tgz#b6afc31036e247b2466dc99c29ae797d5d4580a3"
  integrity sha1-tq/DEDbiR7JGbcmcKa55fV1FgKM=
  dependencies:
    at-least-node "^1.0.0"
    graceful-fs "^4.2.0"
    jsonfile "^6.0.1"
    universalify "^1.0.0"

graceful-fs@^4.1.6:
  version "4.1.11"
  resolved "https://registry.yarnpkg.com/graceful-fs/-/graceful-fs-4.1.11.tgz#0e8bdfe4d1ddb8854d64e04ea7c00e2a026e5658"

graceful-fs@^4.2.0:
  version "4.2.4"
  resolved "https://registry.npm.taobao.org/graceful-fs/download/graceful-fs-4.2.4.tgz?cache=0&sync_timestamp=1588087063358&other_urls=https%3A%2F%2Fregistry.npm.taobao.org%2Fgraceful-fs%2Fdownload%2Fgraceful-fs-4.2.4.tgz#2256bde14d3632958c465ebc96dc467ca07a29fb"
  integrity sha1-Ila94U02MpWMRl68ltxGfKB6Kfs=

jpeg-js@^0.4.0:
  version "0.4.0"
  resolved "https://registry.npm.taobao.org/jpeg-js/download/jpeg-js-0.4.0.tgz?cache=0&sync_timestamp=1587651455233&other_urls=https%3A%2F%2Fregistry.npm.taobao.org%2Fjpeg-js%2Fdownload%2Fjpeg-js-0.4.0.tgz#39adab7245b6d11e918ba5d4b49263ff2fc6a2f9"

js-base64@^2.4.3:
  version "2.4.3"
  resolved "https://registry.yarnpkg.com/js-base64/-/js-base64-2.4.3.tgz#2e545ec2b0f2957f41356510205214e98fad6582"

jsonfile@^6.0.1:
  version "6.0.1"
  resolved "https://registry.npm.taobao.org/jsonfile/download/jsonfile-6.0.1.tgz#98966cba214378c8c84b82e085907b40bf614179"
  integrity sha1-mJZsuiFDeMjIS4LghZB7QL9hQXk=
  dependencies:
    universalify "^1.0.0"
  optionalDependencies:
    graceful-fs "^4.1.6"

universalify@^1.0.0:
  version "1.0.0"
  resolved "https://registry.npm.taobao.org/universalify/download/universalify-1.0.0.tgz#b61a1da173e8435b2fe3c67d29b9adf8594bd16d"
  integrity sha1-thodoXPoQ1sv48Z9Kbmt+FlL0W0=
