# THIS IS AN AUTOGENERATED FILE. DO NOT EDIT THIS FILE DIRECTLY.
# yarn lockfile v1


fs-extra@^5.0.0:
  version "5.0.0"
  resolved "https://registry.yarnpkg.com/fs-extra/-/fs-extra-5.0.0.tgz#414d0110cdd06705734d055652c5411260c31abd"
  dependencies:
    graceful-fs "^4.1.2"
    jsonfile "^4.0.0"
    universalify "^0.1.0"

graceful-fs@^4.1.2, graceful-fs@^4.1.6:
  version "4.1.11"
  resolved "https://registry.yarnpkg.com/graceful-fs/-/graceful-fs-4.1.11.tgz#0e8bdfe4d1ddb8854d64e04ea7c00e2a026e5658"

jpeg-js@^0.4.0:
  version "0.4.0"
  resolved "https://registry.npm.taobao.org/jpeg-js/download/jpeg-js-0.4.0.tgz?cache=0&sync_timestamp=1587651455233&other_urls=https%3A%2F%2Fregistry.npm.taobao.org%2Fjpeg-js%2Fdownload%2Fjpeg-js-0.4.0.tgz#39adab7245b6d11e918ba5d4b49263ff2fc6a2f9"

js-base64@^2.4.3:
  version "2.4.3"
  resolved "https://registry.yarnpkg.com/js-base64/-/js-base64-2.4.3.tgz#2e545ec2b0f2957f41356510205214e98fad6582"

jsonfile@^4.0.0:
  version "4.0.0"
  resolved "https://registry.yarnpkg.com/jsonfile/-/jsonfile-4.0.0.tgz#8771aae0799b64076b76640fca058f9c10e33ecb"
  optionalDependencies:
    graceful-fs "^4.1.6"

universalify@^0.1.0:
  version "0.1.1"
  resolved "https://registry.yarnpkg.com/universalify/-/universalify-0.1.1.tgz#fa71badd4437af4c148841e3b3b165f9e9e590b7"
