# THIS IS AN AUTOGENERATED FILE. DO NOT EDIT THIS FILE DIRECTLY.
# yarn lockfile v1


kleur@^3.0.2:
  version "3.0.3"
  resolved "https://registry.npmjs.org/kleur/-/kleur-3.0.3.tgz#a79c9ecc86ee1ce3fa6206d1216c501f147fc07e"

prompts@^2.1.0:
  version "2.1.0"
  resolved "https://registry.npmjs.org/prompts/-/prompts-2.1.0.tgz#bf90bc71f6065d255ea2bdc0fe6520485c1b45db"
  dependencies:
    kleur "^3.0.2"
    sisteransi "^1.0.0"

sisteransi@^1.0.0:
  version "1.0.0"
  resolved "https://registry.npmjs.org/sisteransi/-/sisteransi-1.0.0.tgz#77d9622ff909080f1c19e5f4a1df0c1b0a27b88c"
