# THIS IS AN AUTOGENERATED FILE. DO NOT EDIT THIS FILE DIRECTLY.
# yarn lockfile v1


orderedmap@^1.1.0:
  version "1.1.5"
  resolved "https://registry.npmmirror.com/orderedmap/-/orderedmap-1.1.5.tgz#4174c90b61bd7c25294932edf789f3b5677744d0"
  integrity sha512-/fzlCGKRmfayGoI9UUXvJfc2nMZlJHW30QqEvwPvlg8tsX7jyiUSomYie6mYqx7Z9bOMGoag0H/q1PS/0PjYkg==

prosemirror-model@^1.16.1, prosemirror-model@^1.2.0:
  version "1.16.1"
  resolved "https://registry.npmmirror.com/prosemirror-model/-/prosemirror-model-1.16.1.tgz#fb388270bc9609b66298d6a7e15d0cc1d6c61253"
  integrity sha512-r1/w0HDU40TtkXp0DyKBnFPYwd8FSlUSJmGCGFv4DeynfeSlyQF2FD0RQbVEMOe6P3PpUSXM6LZBV7W/YNZ4mA==
  dependencies:
    orderedmap "^1.1.0"

prosemirror-schema-basic@^1.1.2:
  version "1.1.2"
  resolved "https://registry.npmmirror.com/prosemirror-schema-basic/-/prosemirror-schema-basic-1.1.2.tgz#4bde5c339c845e0d08ec8fe473064e372ca51ae3"
  integrity sha512-G4q8WflNsR1Q33QAV4MQO0xWrHLOJ+BQcKswGXMy626wlQj6c/1n1v4eC9ns+h2y1r/fJHZEgSZnsNhm9lbrDw==
  dependencies:
    prosemirror-model "^1.2.0"
